
Microsoft Visual Studio Solution File, Format Version 12.00
# Visual Studio 15
VisualStudioVersion = 15.0.28307.757
MinimumVisualStudioVersion = 10.0.40219.1
Project("{9A19103F-16F7-4668-BE54-9A1E7A4F7556}") = "Store_Rating_System_Dev", "Store_Rating_System_Dev\Store_Rating_System_Dev.csproj", "{C268A4E7-7E78-47B1-9EB9-A29D1EC9097D}"
EndProject
Global
	GlobalSection(SolutionConfigurationPlatforms) = preSolution
		Debug|Any CPU = Debug|Any CPU
		Release|Any CPU = Release|Any CPU
	EndGlobalSection
	GlobalSection(ProjectConfigurationPlatforms) = postSolution
		{C268A4E7-7E78-47B1-9EB9-A29D1EC9097D}.Debug|Any CPU.ActiveCfg = Debug|Any CPU
		{C268A4E7-7E78-47B1-9EB9-A29D1EC9097D}.Debug|Any CPU.Build.0 = Debug|Any CPU
		{C268A4E7-7E78-47B1-9EB9-A29D1EC9097D}.Release|Any CPU.ActiveCfg = Release|Any CPU
		{C268A4E7-7E78-47B1-9EB9-A29D1EC9097D}.Release|Any CPU.Build.0 = Release|Any CPU
	EndGlobalSection
	GlobalSection(SolutionProperties) = preSolution
		HideSolutionNode = FALSE
	EndGlobalSection
	GlobalSection(ExtensibilityGlobals) = postSolution
		SolutionGuid = {4859DC7A-1F37-454B-A780-2B3273EAFE43}
	EndGlobalSection
EndGlobal
