
Microsoft Visual Studio Solution File, Format Version 12.00
# Visual Studio 15
VisualStudioVersion = 15.0.28307.757
MinimumVisualStudioVersion = 10.0.40219.1
Project("{FAE04EC0-301F-11D3-BF4B-00C04F79EFBC}") = "Store_Rating_System_Dev", "Store_Rating_System_Dev\Store_Rating_System_Dev.csproj", "{B3D62D25-2083-437E-9000-A7F0FF8C675B}"
EndProject
Global
	GlobalSection(SolutionConfigurationPlatforms) = preSolution
		Debug|Any CPU = Debug|Any CPU
		Release|Any CPU = Release|Any CPU
	EndGlobalSection
	GlobalSection(ProjectConfigurationPlatforms) = postSolution
		{B3D62D25-2083-437E-9000-A7F0FF8C675B}.Debug|Any CPU.ActiveCfg = Debug|Any CPU
		{B3D62D25-2083-437E-9000-A7F0FF8C675B}.Debug|Any CPU.Build.0 = Debug|Any CPU
		{B3D62D25-2083-437E-9000-A7F0FF8C675B}.Release|Any CPU.ActiveCfg = Release|Any CPU
		{B3D62D25-2083-437E-9000-A7F0FF8C675B}.Release|Any CPU.Build.0 = Release|Any CPU
	EndGlobalSection
	GlobalSection(SolutionProperties) = preSolution
		HideSolutionNode = FALSE
	EndGlobalSection
	GlobalSection(ExtensibilityGlobals) = postSolution
		SolutionGuid = {18EDDC48-84E6-488E-82CF-0743AE5F2D65}
	EndGlobalSection
EndGlobal
